
Microsoft Visual Studio Solution File, Format Version 12.00
Project("{FAE04EC0-301F-11D3-BF4B-00C04F79EFBC}") = "ToyDct", "ToyDct\ToyDct.csproj", "{FFA563A2-1266-4303-882B-10388B38B6DA}"
EndProject
Global
	GlobalSection(SolutionConfigurationPlatforms) = preSolution
		Debug|Any CPU = Debug|Any CPU
		Release|Any CPU = Release|Any CPU
	EndGlobalSection
	GlobalSection(ProjectConfigurationPlatforms) = postSolution
		{FFA563A2-1266-4303-882B-10388B38B6DA}.Debug|Any CPU.ActiveCfg = Debug|Any CPU
		{FFA563A2-1266-4303-882B-10388B38B6DA}.Debug|Any CPU.Build.0 = Debug|Any CPU
		{FFA563A2-1266-4303-882B-10388B38B6DA}.Release|Any CPU.ActiveCfg = Release|Any CPU
		{FFA563A2-1266-4303-882B-10388B38B6DA}.Release|Any CPU.Build.0 = Release|Any CPU
	EndGlobalSection
EndGlobal
